
Microsoft Visual Studio Solution File, Format Version 12.00
# Visual Studio Version 17
VisualStudioVersion = 17.5.33103.201
MinimumVisualStudioVersion = 10.0.40219.1
Project("{FAE04EC0-301F-11D3-BF4B-00C04F79EFBC}") = "OData.WebAPI", "OData.WebAPI\OData.WebAPI.csproj", "{F9565ECC-08CC-4EFA-810A-4E10EF7A05BC}"
EndProject
Global
	GlobalSection(SolutionConfigurationPlatforms) = preSolution
		Debug|Any CPU = Debug|Any CPU
		Release|Any CPU = Release|Any CPU
	EndGlobalSection
	GlobalSection(ProjectConfigurationPlatforms) = postSolution
		{F9565ECC-08CC-4EFA-810A-4E10EF7A05BC}.Debug|Any CPU.ActiveCfg = Debug|Any CPU
		{F9565ECC-08CC-4EFA-810A-4E10EF7A05BC}.Debug|Any CPU.Build.0 = Debug|Any CPU
		{F9565ECC-08CC-4EFA-810A-4E10EF7A05BC}.Release|Any CPU.ActiveCfg = Release|Any CPU
		{F9565ECC-08CC-4EFA-810A-4E10EF7A05BC}.Release|Any CPU.Build.0 = Release|Any CPU
	EndGlobalSection
	GlobalSection(SolutionProperties) = preSolution
		HideSolutionNode = FALSE
	EndGlobalSection
	GlobalSection(ExtensibilityGlobals) = postSolution
		SolutionGuid = {3A9AA77A-79AC-4409-8C1C-469CF3B7A980}
	EndGlobalSection
EndGlobal
